{"1.2.0",
[{<<"h2">>,{pkg,<<"h2">>,<<"0.12.3">>},0},
 {<<"quic">>,{pkg,<<"quic">>,<<"2.0.0">>},0}]}.
[
{pkg_hash,[
 {<<"h2">>, <<"20E3FD0E384EC6F586E4736ACD409A57EA87B4A56002D8DCF1132514B3D7600A">>},
 {<<"quic">>, <<"FE44A1CEA79078879C4431FBE595F115D8F7932ED5FB45AE4E9C67A4DAE5863C">>}]},
{pkg_hash_ext,[
 {<<"h2">>, <<"996AF98698F7DC68BCC7688D70D97384B53DDD0286BA07E6D4A9AC54F1970D32">>},
 {<<"quic">>, <<"69DA19A76181E03F975AFB18151C51F17F5623E3C38FD1A816D3148998EDBBB5">>}]}
].
