{"1.2.0",
[{<<"h2">>,{pkg,<<"h2">>,<<"0.9.0">>},0},
 {<<"quic">>,{pkg,<<"quic">>,<<"1.6.4">>},0}]}.
[
{pkg_hash,[
 {<<"h2">>, <<"8A1441AC2EDBE4F8166B453C969BF82146A2C013A10B7FC65356F300EA4E3462">>},
 {<<"quic">>, <<"CED9780292DDAF7AC134C1344E020EF324E2F53DC159CA6FDDC5AAE6BB4D3D22">>}]},
{pkg_hash_ext,[
 {<<"h2">>, <<"1494DB28684C64717852173608FD4DBF7782FE977EACB0981470DB7E6173AC57">>},
 {<<"quic">>, <<"AC4FF7CA8ADC1865B1690EAAA02F5D62D35963D5CB9B6BAC16960FB92664C901">>}]}
].
