{"1.2.0",
[{<<"h2">>,{pkg,<<"h2">>,<<"0.8.0">>},0},
 {<<"quic">>,{pkg,<<"quic">>,<<"1.6.4">>},0}]}.
[
{pkg_hash,[
 {<<"h2">>, <<"4A363C4F42B99B30658FCD9601ACFB1C424B0215160EA536E2BC2A6965238B6E">>},
 {<<"quic">>, <<"CED9780292DDAF7AC134C1344E020EF324E2F53DC159CA6FDDC5AAE6BB4D3D22">>}]},
{pkg_hash_ext,[
 {<<"h2">>, <<"E4BF55231FB3E334E10C4D052D18DBB168CC757082929F0AFA2795A14C78203A">>},
 {<<"quic">>, <<"AC4FF7CA8ADC1865B1690EAAA02F5D62D35963D5CB9B6BAC16960FB92664C901">>}]}
].
